<?xml version="1.0" encoding="UTF-8"?>
<Scheme LastUpgradeVersion="1600" version="1.3">
<BuildAction parallelizeBuildables="NO" buildImplicitDependencies="YES"><BuildActionEntries>
<BuildActionEntry buildForTesting="YES" buildForRunning="YES" buildForProfiling="NO" buildForArchiving="NO" buildForAnalyzing="YES"><BuildableReference BuildableIdentifier="primary" BlueprintIdentifier="00000000000000000000000A" BuildableName="NativeResource.app" BlueprintName="NativeResource" ReferencedContainer="container:NativeResource.xcodeproj"/></BuildActionEntry>
</BuildActionEntries></BuildAction>
<TestAction buildConfiguration="Debug" selectedDebuggerIdentifier="Xcode.DebuggerFoundation.Debugger.LLDB" selectedLauncherIdentifier="Xcode.IDEFoundation.Launcher.LLDB" shouldUseLaunchSchemeArgsEnv="YES"><Testables><TestableReference skipped="NO"><BuildableReference BuildableIdentifier="primary" BlueprintIdentifier="00000000000000000000000B" BuildableName="NativeResourceTests.xctest" BlueprintName="NativeResourceTests" ReferencedContainer="container:NativeResource.xcodeproj"/></TestableReference></Testables></TestAction>
<LaunchAction buildConfiguration="Debug"/><ProfileAction buildConfiguration="Release"/><AnalyzeAction buildConfiguration="Debug"/><ArchiveAction buildConfiguration="Release" revealArchiveInOrganizer="NO"/>
</Scheme>
